
Microsoft Visual Studio Solution File, Format Version 12.00
# Visual Studio Version 17
VisualStudioVersion = 17.4.33213.308
MinimumVisualStudioVersion = 10.0.40219.1
Project("{9A19103F-16F7-4668-BE54-9A1E7A4F7556}") = "cslox", "cslox.csproj", "{0E91CD02-2FC1-42E7-AA3D-708658E495A6}"
EndProject
Project("{FAE04EC0-301F-11D3-BF4B-00C04F79EFBC}") = "InterpreterTests", "..\InterpreterTests\InterpreterTests.csproj", "{A1FFA7AD-4069-49CD-9080-3E2246A5C7AF}"
EndProject
Global
	GlobalSection(SolutionConfigurationPlatforms) = preSolution
		Debug|Any CPU = Debug|Any CPU
		Release|Any CPU = Release|Any CPU
	EndGlobalSection
	GlobalSection(ProjectConfigurationPlatforms) = postSolution
		{0E91CD02-2FC1-42E7-AA3D-708658E495A6}.Debug|Any CPU.ActiveCfg = Debug|Any CPU
		{0E91CD02-2FC1-42E7-AA3D-708658E495A6}.Debug|Any CPU.Build.0 = Debug|Any CPU
		{0E91CD02-2FC1-42E7-AA3D-708658E495A6}.Release|Any CPU.ActiveCfg = Release|Any CPU
		{0E91CD02-2FC1-42E7-AA3D-708658E495A6}.Release|Any CPU.Build.0 = Release|Any CPU
		{A1FFA7AD-4069-49CD-9080-3E2246A5C7AF}.Debug|Any CPU.ActiveCfg = Debug|Any CPU
		{A1FFA7AD-4069-49CD-9080-3E2246A5C7AF}.Debug|Any CPU.Build.0 = Debug|Any CPU
		{A1FFA7AD-4069-49CD-9080-3E2246A5C7AF}.Release|Any CPU.ActiveCfg = Release|Any CPU
		{A1FFA7AD-4069-49CD-9080-3E2246A5C7AF}.Release|Any CPU.Build.0 = Release|Any CPU
	EndGlobalSection
	GlobalSection(SolutionProperties) = preSolution
		HideSolutionNode = FALSE
	EndGlobalSection
	GlobalSection(ExtensibilityGlobals) = postSolution
		SolutionGuid = {8B78B5E3-816D-43A4-ADFA-A9541BBCC2C6}
	EndGlobalSection
EndGlobal
